
Microsoft Visual Studio Solution File, Format Version 12.00
# Visual Studio Version 17
VisualStudioVersion = 17.6.33723.286
MinimumVisualStudioVersion = 10.0.40219.1
Project("{9A19103F-16F7-4668-BE54-9A1E7A4F7556}") = "StockApp", "StockApp\StockApp.csproj", "{32B32B62-09AA-4DEF-94F0-EEA203595323}"
EndProject
Project("{9A19103F-16F7-4668-BE54-9A1E7A4F7556}") = "Services", "Services\Services.csproj", "{9EA56728-E843-4B90-975D-F93EA6F3EF66}"
EndProject
Project("{9A19103F-16F7-4668-BE54-9A1E7A4F7556}") = "ServiceContracts", "ServiceContracts\ServiceContracts.csproj", "{2A3F5A38-D173-43A7-8EF8-ABEEB74B6EB8}"
EndProject
Project("{FAE04EC0-301F-11D3-BF4B-00C04F79EFBC}") = "Entities", "Entities\Entities.csproj", "{55F38BA8-23C3-44C3-8EC3-969A9A9F4F54}"
EndProject
Project("{FAE04EC0-301F-11D3-BF4B-00C04F79EFBC}") = "Tests", "Tests\Tests.csproj", "{99DB7E2E-3176-4632-BCA4-D982D7276A02}"
EndProject
Global
	GlobalSection(SolutionConfigurationPlatforms) = preSolution
		Debug|Any CPU = Debug|Any CPU
		Release|Any CPU = Release|Any CPU
	EndGlobalSection
	GlobalSection(ProjectConfigurationPlatforms) = postSolution
		{32B32B62-09AA-4DEF-94F0-EEA203595323}.Debug|Any CPU.ActiveCfg = Debug|Any CPU
		{32B32B62-09AA-4DEF-94F0-EEA203595323}.Debug|Any CPU.Build.0 = Debug|Any CPU
		{32B32B62-09AA-4DEF-94F0-EEA203595323}.Release|Any CPU.ActiveCfg = Release|Any CPU
		{32B32B62-09AA-4DEF-94F0-EEA203595323}.Release|Any CPU.Build.0 = Release|Any CPU
		{9EA56728-E843-4B90-975D-F93EA6F3EF66}.Debug|Any CPU.ActiveCfg = Debug|Any CPU
		{9EA56728-E843-4B90-975D-F93EA6F3EF66}.Debug|Any CPU.Build.0 = Debug|Any CPU
		{9EA56728-E843-4B90-975D-F93EA6F3EF66}.Release|Any CPU.ActiveCfg = Release|Any CPU
		{9EA56728-E843-4B90-975D-F93EA6F3EF66}.Release|Any CPU.Build.0 = Release|Any CPU
		{2A3F5A38-D173-43A7-8EF8-ABEEB74B6EB8}.Debug|Any CPU.ActiveCfg = Debug|Any CPU
		{2A3F5A38-D173-43A7-8EF8-ABEEB74B6EB8}.Debug|Any CPU.Build.0 = Debug|Any CPU
		{2A3F5A38-D173-43A7-8EF8-ABEEB74B6EB8}.Release|Any CPU.ActiveCfg = Release|Any CPU
		{2A3F5A38-D173-43A7-8EF8-ABEEB74B6EB8}.Release|Any CPU.Build.0 = Release|Any CPU
		{55F38BA8-23C3-44C3-8EC3-969A9A9F4F54}.Debug|Any CPU.ActiveCfg = Debug|Any CPU
		{55F38BA8-23C3-44C3-8EC3-969A9A9F4F54}.Debug|Any CPU.Build.0 = Debug|Any CPU
		{55F38BA8-23C3-44C3-8EC3-969A9A9F4F54}.Release|Any CPU.ActiveCfg = Release|Any CPU
		{55F38BA8-23C3-44C3-8EC3-969A9A9F4F54}.Release|Any CPU.Build.0 = Release|Any CPU
		{99DB7E2E-3176-4632-BCA4-D982D7276A02}.Debug|Any CPU.ActiveCfg = Debug|Any CPU
		{99DB7E2E-3176-4632-BCA4-D982D7276A02}.Debug|Any CPU.Build.0 = Debug|Any CPU
		{99DB7E2E-3176-4632-BCA4-D982D7276A02}.Release|Any CPU.ActiveCfg = Release|Any CPU
		{99DB7E2E-3176-4632-BCA4-D982D7276A02}.Release|Any CPU.Build.0 = Release|Any CPU
	EndGlobalSection
	GlobalSection(SolutionProperties) = preSolution
		HideSolutionNode = FALSE
	EndGlobalSection
	GlobalSection(ExtensibilityGlobals) = postSolution
		SolutionGuid = {C81297A1-CFFC-4D1D-B450-427759349DD7}
	EndGlobalSection
EndGlobal
